
Microsoft Visual Studio Solution File, Format Version 12.00
# Visual Studio Version 16
VisualStudioVersion = 16.0.30907.101
MinimumVisualStudioVersion = 10.0.40219.1
Project("{9A19103F-16F7-4668-BE54-9A1E7A4F7556}") = "DataAccess", "DataAccess\DataAccess.csproj", "{2270227D-33D4-4894-BB48-8C0C437C9919}"
EndProject
Project("{9A19103F-16F7-4668-BE54-9A1E7A4F7556}") = "Business", "Business\Business.csproj", "{4F0982CC-1D4B-4962-B7B1-78C9069DB12E}"
EndProject
Project("{9A19103F-16F7-4668-BE54-9A1E7A4F7556}") = "Entities", "Entities\Entities.csproj", "{C571B581-62FE-4236-9E53-21EDD383ACB7}"
EndProject
Project("{9A19103F-16F7-4668-BE54-9A1E7A4F7556}") = "ConsoleUI", "ConsoleUI\ConsoleUI.csproj", "{CC42F7A5-1613-424B-954E-00B677CB00A2}"
EndProject
Project("{9A19103F-16F7-4668-BE54-9A1E7A4F7556}") = "Core", "Core\Core.csproj", "{A2484585-24F2-4683-89E4-34CF39850480}"
EndProject
Project("{FAE04EC0-301F-11D3-BF4B-00C04F79EFBC}") = "WebAPI", "WebAPI\WebAPI.csproj", "{C644DC33-EA83-4C91-AAA6-2D77F892E0D1}"
EndProject
Global
	GlobalSection(SolutionConfigurationPlatforms) = preSolution
		Debug|Any CPU = Debug|Any CPU
		Release|Any CPU = Release|Any CPU
	EndGlobalSection
	GlobalSection(ProjectConfigurationPlatforms) = postSolution
		{2270227D-33D4-4894-BB48-8C0C437C9919}.Debug|Any CPU.ActiveCfg = Debug|Any CPU
		{2270227D-33D4-4894-BB48-8C0C437C9919}.Debug|Any CPU.Build.0 = Debug|Any CPU
		{2270227D-33D4-4894-BB48-8C0C437C9919}.Release|Any CPU.ActiveCfg = Release|Any CPU
		{2270227D-33D4-4894-BB48-8C0C437C9919}.Release|Any CPU.Build.0 = Release|Any CPU
		{4F0982CC-1D4B-4962-B7B1-78C9069DB12E}.Debug|Any CPU.ActiveCfg = Debug|Any CPU
		{4F0982CC-1D4B-4962-B7B1-78C9069DB12E}.Debug|Any CPU.Build.0 = Debug|Any CPU
		{4F0982CC-1D4B-4962-B7B1-78C9069DB12E}.Release|Any CPU.ActiveCfg = Release|Any CPU
		{4F0982CC-1D4B-4962-B7B1-78C9069DB12E}.Release|Any CPU.Build.0 = Release|Any CPU
		{C571B581-62FE-4236-9E53-21EDD383ACB7}.Debug|Any CPU.ActiveCfg = Debug|Any CPU
		{C571B581-62FE-4236-9E53-21EDD383ACB7}.Debug|Any CPU.Build.0 = Debug|Any CPU
		{C571B581-62FE-4236-9E53-21EDD383ACB7}.Release|Any CPU.ActiveCfg = Release|Any CPU
		{C571B581-62FE-4236-9E53-21EDD383ACB7}.Release|Any CPU.Build.0 = Release|Any CPU
		{CC42F7A5-1613-424B-954E-00B677CB00A2}.Debug|Any CPU.ActiveCfg = Debug|Any CPU
		{CC42F7A5-1613-424B-954E-00B677CB00A2}.Debug|Any CPU.Build.0 = Debug|Any CPU
		{CC42F7A5-1613-424B-954E-00B677CB00A2}.Release|Any CPU.ActiveCfg = Release|Any CPU
		{CC42F7A5-1613-424B-954E-00B677CB00A2}.Release|Any CPU.Build.0 = Release|Any CPU
		{A2484585-24F2-4683-89E4-34CF39850480}.Debug|Any CPU.ActiveCfg = Debug|Any CPU
		{A2484585-24F2-4683-89E4-34CF39850480}.Debug|Any CPU.Build.0 = Debug|Any CPU
		{A2484585-24F2-4683-89E4-34CF39850480}.Release|Any CPU.ActiveCfg = Release|Any CPU
		{A2484585-24F2-4683-89E4-34CF39850480}.Release|Any CPU.Build.0 = Release|Any CPU
		{C644DC33-EA83-4C91-AAA6-2D77F892E0D1}.Debug|Any CPU.ActiveCfg = Debug|Any CPU
		{C644DC33-EA83-4C91-AAA6-2D77F892E0D1}.Debug|Any CPU.Build.0 = Debug|Any CPU
		{C644DC33-EA83-4C91-AAA6-2D77F892E0D1}.Release|Any CPU.ActiveCfg = Release|Any CPU
		{C644DC33-EA83-4C91-AAA6-2D77F892E0D1}.Release|Any CPU.Build.0 = Release|Any CPU
	EndGlobalSection
	GlobalSection(SolutionProperties) = preSolution
		HideSolutionNode = FALSE
	EndGlobalSection
	GlobalSection(ExtensibilityGlobals) = postSolution
		SolutionGuid = {CBB75C9F-7B7B-4FEF-BA5E-4513A4CA1F4F}
	EndGlobalSection
EndGlobal
